
Microsoft Visual Studio Solution File, Format Version 12.00
# Visual Studio Version 16
VisualStudioVersion = 16.0.30413.136
MinimumVisualStudioVersion = 10.0.40219.1
Project("{FAE04EC0-301F-11D3-BF4B-00C04F79EFBC}") = "Course", "Course\Course.csproj", "{57D27DA1-79E8-4921-B0F9-E6A315EFF077}"
EndProject
Global
	GlobalSection(SolutionConfigurationPlatforms) = preSolution
		Debug|Any CPU = Debug|Any CPU
		Release|Any CPU = Release|Any CPU
	EndGlobalSection
	GlobalSection(ProjectConfigurationPlatforms) = postSolution
		{57D27DA1-79E8-4921-B0F9-E6A315EFF077}.Debug|Any CPU.ActiveCfg = Debug|Any CPU
		{57D27DA1-79E8-4921-B0F9-E6A315EFF077}.Debug|Any CPU.Build.0 = Debug|Any CPU
		{57D27DA1-79E8-4921-B0F9-E6A315EFF077}.Release|Any CPU.ActiveCfg = Release|Any CPU
		{57D27DA1-79E8-4921-B0F9-E6A315EFF077}.Release|Any CPU.Build.0 = Release|Any CPU
	EndGlobalSection
	GlobalSection(SolutionProperties) = preSolution
		HideSolutionNode = FALSE
	EndGlobalSection
	GlobalSection(ExtensibilityGlobals) = postSolution
		SolutionGuid = {8D4C0BB5-6B88-4572-87F6-E425EDE0A1FD}
	EndGlobalSection
EndGlobal
